// !$*UTF8*$!
{
	archiveVersion = 1;
	classes = {
	};
	objectVersion = 55;
	objects = {

/* Begin PBXBuildFile section */
		2E2FB5E72808863C001359CE /* File.swift in Sources */ = {isa = PBXBuildFile; fileRef = 2E2FB5E62808863C001359CE /* File.swift */; };
		2E8E8A052807242D0036F176 /* PageViewController.swift in Sources */ = {isa = PBXBuildFile; fileRef = 2E8E8A042807242D0036F176 /* PageViewController.swift */; };
		2E8E8A072807249C0036F176 /* JournalViewController.swift in Sources */ = {isa = PBXBuildFile; fileRef = 2E8E8A062807249C0036F176 /* JournalViewController.swift */; };
		2E8E8A0928075EF30036F176 /* FeedViewController.swift in Sources */ = {isa = PBXBuildFile; fileRef = 2E8E8A0828075EF30036F176 /* FeedViewController.swift */; };
		2ED0A85428046AD000839122 /* HoroscopeUser.swift in Sources */ = {isa = PBXBuildFile; fileRef = 2ED0A85328046AD000839122 /* HoroscopeUser.swift */; };
		2ED0A85628046AE200839122 /* HoroscopeDetail.swift in Sources */ = {isa = PBXBuildFile; fileRef = 2ED0A85528046AE200839122 /* HoroscopeDetail.swift */; };
		2ED0A858280471D500839122 /* HoroscopeDetailViewController.swift in Sources */ = {isa = PBXBuildFile; fileRef = 2ED0A857280471D500839122 /* HoroscopeDetailViewController.swift */; };
		2ED0A85A2804844000839122 /* OnboardingViewController.swift in Sources */ = {isa = PBXBuildFile; fileRef = 2ED0A8592804844000839122 /* OnboardingViewController.swift */; };
		2EE249102800AB9E00B5F7DA /* AppDelegate.swift in Sources */ = {isa = PBXBuildFile; fileRef = 2EE2490F2800AB9E00B5F7DA /* AppDelegate.swift */; };
		2EE249122800AB9E00B5F7DA /* SceneDelegate.swift in Sources */ = {isa = PBXBuildFile; fileRef = 2EE249112800AB9E00B5F7DA /* SceneDelegate.swift */; };
		2EE249142800AB9E00B5F7DA /* ViewController.swift in Sources */ = {isa = PBXBuildFile; fileRef = 2EE249132800AB9E00B5F7DA /* ViewController.swift */; };
		2EE249172800AB9E00B5F7DA /* Main.storyboard in Resources */ = {isa = PBXBuildFile; fileRef = 2EE249152800AB9E00B5F7DA /* Main.storyboard */; };
		2EE249192800ABA200B5F7DA /* Assets.xcassets in Resources */ = {isa = PBXBuildFile; fileRef = 2EE249182800ABA200B5F7DA /* Assets.xcassets */; };
		2EE2491C2800ABA200B5F7DA /* LaunchScreen.storyboard in Resources */ = {isa = PBXBuildFile; fileRef = 2EE2491A2800ABA200B5F7DA /* LaunchScreen.storyboard */; };
		2EE249242800B26C00B5F7DA /* HomeViewController.swift in Sources */ = {isa = PBXBuildFile; fileRef = 2EE249232800B26C00B5F7DA /* HomeViewController.swift */; };
		2EE249262800BBC000B5F7DA /* Agenda.swift in Sources */ = {isa = PBXBuildFile; fileRef = 2EE249252800BBC000B5F7DA /* Agenda.swift */; };
		2EE249282800BC9600B5F7DA /* AgendaItems.swift in Sources */ = {isa = PBXBuildFile; fileRef = 2EE249272800BC9600B5F7DA /* AgendaItems.swift */; };
		2EE2492A2800BE8400B5F7DA /* ToDoDetailTableViewController.swift in Sources */ = {isa = PBXBuildFile; fileRef = 2EE249292800BE8400B5F7DA /* ToDoDetailTableViewController.swift */; };
		2EE2492C2800C07B00B5F7DA /* UIViewController+alert.swift in Sources */ = {isa = PBXBuildFile; fileRef = 2EE2492B2800C07B00B5F7DA /* UIViewController+alert.swift */; };
		2EE2492E2800C83D00B5F7DA /* LocalNotificationManager.swift in Sources */ = {isa = PBXBuildFile; fileRef = 2EE2492D2800C83D00B5F7DA /* LocalNotificationManager.swift */; };
		2EE249302800CAFF00B5F7DA /* ListTableViewCell.swift in Sources */ = {isa = PBXBuildFile; fileRef = 2EE2492F2800CAFF00B5F7DA /* ListTableViewCell.swift */; };
		2EE24932280228CD00B5F7DA /* WeatherDetail.swift in Sources */ = {isa = PBXBuildFile; fileRef = 2EE24931280228CD00B5F7DA /* WeatherDetail.swift */; };
		2EE24934280228DB00B5F7DA /* APIkeys.swift in Sources */ = {isa = PBXBuildFile; fileRef = 2EE24933280228DB00B5F7DA /* APIkeys.swift */; };
		2EE249362802297E00B5F7DA /* WeatherLocation.swift in Sources */ = {isa = PBXBuildFile; fileRef = 2EE249352802297E00B5F7DA /* WeatherLocation.swift */; };
/* End PBXBuildFile section */

/* Begin PBXFileReference section */
		2E2FB5E62808863C001359CE /* File.swift */ = {isa = PBXFileReference; lastKnownFileType = sourcecode.swift; path = File.swift; sourceTree = "<group>"; };
		2E8E8A042807242D0036F176 /* PageViewController.swift */ = {isa = PBXFileReference; lastKnownFileType = sourcecode.swift; path = PageViewController.swift; sourceTree = "<group>"; };
		2E8E8A062807249C0036F176 /* JournalViewController.swift */ = {isa = PBXFileReference; lastKnownFileType = sourcecode.swift; path = JournalViewController.swift; sourceTree = "<group>"; };
		2E8E8A0828075EF30036F176 /* FeedViewController.swift */ = {isa = PBXFileReference; lastKnownFileType = sourcecode.swift; path = FeedViewController.swift; sourceTree = "<group>"; };
		2ED0A85328046AD000839122 /* HoroscopeUser.swift */ = {isa = PBXFileReference; lastKnownFileType = sourcecode.swift; path = HoroscopeUser.swift; sourceTree = "<group>"; };
		2ED0A85528046AE200839122 /* HoroscopeDetail.swift */ = {isa = PBXFileReference; lastKnownFileType = sourcecode.swift; path = HoroscopeDetail.swift; sourceTree = "<group>"; };
		2ED0A857280471D500839122 /* HoroscopeDetailViewController.swift */ = {isa = PBXFileReference; lastKnownFileType = sourcecode.swift; path = HoroscopeDetailViewController.swift; sourceTree = "<group>"; };
		2ED0A8592804844000839122 /* OnboardingViewController.swift */ = {isa = PBXFileReference; lastKnownFileType = sourcecode.swift; path = OnboardingViewController.swift; sourceTree = "<group>"; };
		2EE2490C2800AB9E00B5F7DA /* Girly.app */ = {isa = PBXFileReference; explicitFileType = wrapper.application; includeInIndex = 0; path = Girly.app; sourceTree = BUILT_PRODUCTS_DIR; };
		2EE2490F2800AB9E00B5F7DA /* AppDelegate.swift */ = {isa = PBXFileReference; lastKnownFileType = sourcecode.swift; path = AppDelegate.swift; sourceTree = "<group>"; };
		2EE249112800AB9E00B5F7DA /* SceneDelegate.swift */ = {isa = PBXFileReference; lastKnownFileType = sourcecode.swift; path = SceneDelegate.swift; sourceTree = "<group>"; };
		2EE249132800AB9E00B5F7DA /* ViewController.swift */ = {isa = PBXFileReference; lastKnownFileType = sourcecode.swift; path = ViewController.swift; sourceTree = "<group>"; };
		2EE249162800AB9E00B5F7DA /* Base */ = {isa = PBXFileReference; lastKnownFileType = file.storyboard; name = Base; path = Base.lproj/Main.storyboard; sourceTree = "<group>"; };
		2EE249182800ABA200B5F7DA /* Assets.xcassets */ = {isa = PBXFileReference; lastKnownFileType = folder.assetcatalog; path = Assets.xcassets; sourceTree = "<group>"; };
		2EE2491B2800ABA200B5F7DA /* Base */ = {isa = PBXFileReference; lastKnownFileType = file.storyboard; name = Base; path = Base.lproj/LaunchScreen.storyboard; sourceTree = "<group>"; };
		2EE2491D2800ABA200B5F7DA /* Info.plist */ = {isa = PBXFileReference; lastKnownFileType = text.plist.xml; path = Info.plist; sourceTree = "<group>"; };
		2EE249232800B26C00B5F7DA /* HomeViewController.swift */ = {isa = PBXFileReference; lastKnownFileType = sourcecode.swift; path = HomeViewController.swift; sourceTree = "<group>"; };
		2EE249252800BBC000B5F7DA /* Agenda.swift */ = {isa = PBXFileReference; lastKnownFileType = sourcecode.swift; path = Agenda.swift; sourceTree = "<group>"; };
		2EE249272800BC9600B5F7DA /* AgendaItems.swift */ = {isa = PBXFileReference; lastKnownFileType = sourcecode.swift; path = AgendaItems.swift; sourceTree = "<group>"; };
		2EE249292800BE8400B5F7DA /* ToDoDetailTableViewController.swift */ = {isa = PBXFileReference; fileEncoding = 4; lastKnownFileType = sourcecode.swift; path = ToDoDetailTableViewController.swift; sourceTree = "<group>"; };
		2EE2492B2800C07B00B5F7DA /* UIViewController+alert.swift */ = {isa = PBXFileReference; fileEncoding = 4; lastKnownFileType = sourcecode.swift; path = "UIViewController+alert.swift"; sourceTree = "<group>"; };
		2EE2492D2800C83D00B5F7DA /* LocalNotificationManager.swift */ = {isa = PBXFileReference; fileEncoding = 4; lastKnownFileType = sourcecode.swift; path = LocalNotificationManager.swift; sourceTree = "<group>"; };
		2EE2492F2800CAFF00B5F7DA /* ListTableViewCell.swift */ = {isa = PBXFileReference; fileEncoding = 4; lastKnownFileType = sourcecode.swift; path = ListTableViewCell.swift; sourceTree = "<group>"; };
		2EE24931280228CD00B5F7DA /* WeatherDetail.swift */ = {isa = PBXFileReference; fileEncoding = 4; lastKnownFileType = sourcecode.swift; path = WeatherDetail.swift; sourceTree = "<group>"; };
		2EE24933280228DB00B5F7DA /* APIkeys.swift */ = {isa = PBXFileReference; fileEncoding = 4; lastKnownFileType = sourcecode.swift; path = APIkeys.swift; sourceTree = "<group>"; };
		2EE249352802297E00B5F7DA /* WeatherLocation.swift */ = {isa = PBXFileReference; fileEncoding = 4; lastKnownFileType = sourcecode.swift; path = WeatherLocation.swift; sourceTree = "<group>"; };
/* End PBXFileReference section */

/* Begin PBXFrameworksBuildPhase section */
		2EE249092800AB9E00B5F7DA /* Frameworks */ = {
			isa = PBXFrameworksBuildPhase;
			buildActionMask = 2147483647;
			files = (
			);
			runOnlyForDeploymentPostprocessing = 0;
		};
/* End PBXFrameworksBuildPhase section */

/* Begin PBXGroup section */
		2EE249032800AB9E00B5F7DA = {
			isa = PBXGroup;
			children = (
				2EE2490E2800AB9E00B5F7DA /* Girly */,
				2EE2490D2800AB9E00B5F7DA /* Products */,
			);
			sourceTree = "<group>";
		};
		2EE2490D2800AB9E00B5F7DA /* Products */ = {
			isa = PBXGroup;
			children = (
				2EE2490C2800AB9E00B5F7DA /* Girly.app */,
			);
			name = Products;
			sourceTree = "<group>";
		};
		2EE2490E2800AB9E00B5F7DA /* Girly */ = {
			isa = PBXGroup;
			children = (
				2EE2490F2800AB9E00B5F7DA /* AppDelegate.swift */,
				2EE249112800AB9E00B5F7DA /* SceneDelegate.swift */,
				2EE249132800AB9E00B5F7DA /* ViewController.swift */,
				2E8E8A042807242D0036F176 /* PageViewController.swift */,
				2E8E8A062807249C0036F176 /* JournalViewController.swift */,
				2E2FB5E62808863C001359CE /* File.swift */,
				2ED0A8592804844000839122 /* OnboardingViewController.swift */,
				2EE249232800B26C00B5F7DA /* HomeViewController.swift */,
				2EE249252800BBC000B5F7DA /* Agenda.swift */,
				2EE249272800BC9600B5F7DA /* AgendaItems.swift */,
				2EE249292800BE8400B5F7DA /* ToDoDetailTableViewController.swift */,
				2EE2492F2800CAFF00B5F7DA /* ListTableViewCell.swift */,
				2EE249352802297E00B5F7DA /* WeatherLocation.swift */,
				2EE24931280228CD00B5F7DA /* WeatherDetail.swift */,
				2ED0A85328046AD000839122 /* HoroscopeUser.swift */,
				2ED0A85528046AE200839122 /* HoroscopeDetail.swift */,
				2ED0A857280471D500839122 /* HoroscopeDetailViewController.swift */,
				2E8E8A0828075EF30036F176 /* FeedViewController.swift */,
				2EE249152800AB9E00B5F7DA /* Main.storyboard */,
				2EE2492D2800C83D00B5F7DA /* LocalNotificationManager.swift */,
				2EE2492B2800C07B00B5F7DA /* UIViewController+alert.swift */,
				2EE249182800ABA200B5F7DA /* Assets.xcassets */,
				2EE2491A2800ABA200B5F7DA /* LaunchScreen.storyboard */,
				2EE24933280228DB00B5F7DA /* APIkeys.swift */,
				2EE2491D2800ABA200B5F7DA /* Info.plist */,
			);
			path = Girly;
			sourceTree = "<group>";
		};
/* End PBXGroup section */

/* Begin PBXNativeTarget section */
		2EE2490B2800AB9E00B5F7DA /* Girly */ = {
			isa = PBXNativeTarget;
			buildConfigurationList = 2EE249202800ABA200B5F7DA /* Build configuration list for PBXNativeTarget "Girly" */;
			buildPhases = (
				2EE249082800AB9E00B5F7DA /* Sources */,
				2EE249092800AB9E00B5F7DA /* Frameworks */,
				2EE2490A2800AB9E00B5F7DA /* Resources */,
			);
			buildRules = (
			);
			dependencies = (
			);
			name = Girly;
			productName = Girly;
			productReference = 2EE2490C2800AB9E00B5F7DA /* Girly.app */;
			productType = "com.apple.product-type.application";
		};
/* End PBXNativeTarget section */

/* Begin PBXProject section */
		2EE249042800AB9E00B5F7DA /* Project object */ = {
			isa = PBXProject;
			attributes = {
				BuildIndependentTargetsInParallel = 1;
				LastSwiftUpdateCheck = 1320;
				LastUpgradeCheck = 1320;
				TargetAttributes = {
					2EE2490B2800AB9E00B5F7DA = {
						CreatedOnToolsVersion = 13.2.1;
					};
				};
			};
			buildConfigurationList = 2EE249072800AB9E00B5F7DA /* Build configuration list for PBXProject "Girly" */;
			compatibilityVersion = "Xcode 13.0";
			developmentRegion = en;
			hasScannedForEncodings = 0;
			knownRegions = (
				en,
				Base,
			);
			mainGroup = 2EE249032800AB9E00B5F7DA;
			productRefGroup = 2EE2490D2800AB9E00B5F7DA /* Products */;
			projectDirPath = "";
			projectRoot = "";
			targets = (
				2EE2490B2800AB9E00B5F7DA /* Girly */,
			);
		};
/* End PBXProject section */

/* Begin PBXResourcesBuildPhase section */
		2EE2490A2800AB9E00B5F7DA /* Resources */ = {
			isa = PBXResourcesBuildPhase;
			buildActionMask = 2147483647;
			files = (
				2EE2491C2800ABA200B5F7DA /* LaunchScreen.storyboard in Resources */,
				2EE249192800ABA200B5F7DA /* Assets.xcassets in Resources */,
				2EE249172800AB9E00B5F7DA /* Main.storyboard in Resources */,
			);
			runOnlyForDeploymentPostprocessing = 0;
		};
/* End PBXResourcesBuildPhase section */

/* Begin PBXSourcesBuildPhase section */
		2EE249082800AB9E00B5F7DA /* Sources */ = {
			isa = PBXSourcesBuildPhase;
			buildActionMask = 2147483647;
			files = (
				2EE249142800AB9E00B5F7DA /* ViewController.swift in Sources */,
				2ED0A85628046AE200839122 /* HoroscopeDetail.swift in Sources */,
				2E8E8A0928075EF30036F176 /* FeedViewController.swift in Sources */,
				2ED0A858280471D500839122 /* HoroscopeDetailViewController.swift in Sources */,
				2ED0A85A2804844000839122 /* OnboardingViewController.swift in Sources */,
				2EE249102800AB9E00B5F7DA /* AppDelegate.swift in Sources */,
				2EE249122800AB9E00B5F7DA /* SceneDelegate.swift in Sources */,
				2EE249262800BBC000B5F7DA /* Agenda.swift in Sources */,
				2EE2492A2800BE8400B5F7DA /* ToDoDetailTableViewController.swift in Sources */,
				2EE249282800BC9600B5F7DA /* AgendaItems.swift in Sources */,
				2EE24934280228DB00B5F7DA /* APIkeys.swift in Sources */,
				2EE2492E2800C83D00B5F7DA /* LocalNotificationManager.swift in Sources */,
				2EE249242800B26C00B5F7DA /* HomeViewController.swift in Sources */,
				2EE2492C2800C07B00B5F7DA /* UIViewController+alert.swift in Sources */,
				2EE249362802297E00B5F7DA /* WeatherLocation.swift in Sources */,
				2ED0A85428046AD000839122 /* HoroscopeUser.swift in Sources */,
				2E2FB5E72808863C001359CE /* File.swift in Sources */,
				2E8E8A052807242D0036F176 /* PageViewController.swift in Sources */,
				2E8E8A072807249C0036F176 /* JournalViewController.swift in Sources */,
				2EE24932280228CD00B5F7DA /* WeatherDetail.swift in Sources */,
				2EE249302800CAFF00B5F7DA /* ListTableViewCell.swift in Sources */,
			);
			runOnlyForDeploymentPostprocessing = 0;
		};
/* End PBXSourcesBuildPhase section */

/* Begin PBXVariantGroup section */
		2EE249152800AB9E00B5F7DA /* Main.storyboard */ = {
			isa = PBXVariantGroup;
			children = (
				2EE249162800AB9E00B5F7DA /* Base */,
			);
			name = Main.storyboard;
			sourceTree = "<group>";
		};
		2EE2491A2800ABA200B5F7DA /* LaunchScreen.storyboard */ = {
			isa = PBXVariantGroup;
			children = (
				2EE2491B2800ABA200B5F7DA /* Base */,
			);
			name = LaunchScreen.storyboard;
			sourceTree = "<group>";
		};
/* End PBXVariantGroup section */

/* Begin XCBuildConfiguration section */
		2EE2491E2800ABA200B5F7DA /* Debug */ = {
			isa = XCBuildConfiguration;
			buildSettings = {
				ALWAYS_SEARCH_USER_PATHS = NO;
				CLANG_ANALYZER_NONNULL = YES;
				CLANG_ANALYZER_NUMBER_OBJECT_CONVERSION = YES_AGGRESSIVE;
				CLANG_CXX_LANGUAGE_STANDARD = "gnu++17";
				CLANG_CXX_LIBRARY = "libc++";
				CLANG_ENABLE_MODULES = YES;
				CLANG_ENABLE_OBJC_ARC = YES;
				CLANG_ENABLE_OBJC_WEAK = YES;
				CLANG_WARN_BLOCK_CAPTURE_AUTORELEASING = YES;
				CLANG_WARN_BOOL_CONVERSION = YES;
				CLANG_WARN_COMMA = YES;
				CLANG_WARN_CONSTANT_CONVERSION = YES;
				CLANG_WARN_DEPRECATED_OBJC_IMPLEMENTATIONS = YES;
				CLANG_WARN_DIRECT_OBJC_ISA_USAGE = YES_ERROR;
				CLANG_WARN_DOCUMENTATION_COMMENTS = YES;
				CLANG_WARN_EMPTY_BODY = YES;
				CLANG_WARN_ENUM_CONVERSION = YES;
				CLANG_WARN_INFINITE_RECURSION = YES;
				CLANG_WARN_INT_CONVERSION = YES;
				CLANG_WARN_NON_LITERAL_NULL_CONVERSION = YES;
				CLANG_WARN_OBJC_IMPLICIT_RETAIN_SELF = YES;
				CLANG_WARN_OBJC_LITERAL_CONVERSION = YES;
				CLANG_WARN_OBJC_ROOT_CLASS = YES_ERROR;
				CLANG_WARN_QUOTED_INCLUDE_IN_FRAMEWORK_HEADER = YES;
				CLANG_WARN_RANGE_LOOP_ANALYSIS = YES;
				CLANG_WARN_STRICT_PROTOTYPES = YES;
				CLANG_WARN_SUSPICIOUS_MOVE = YES;
				CLANG_WARN_UNGUARDED_AVAILABILITY = YES_AGGRESSIVE;
				CLANG_WARN_UNREACHABLE_CODE = YES;
				CLANG_WARN__DUPLICATE_METHOD_MATCH = YES;
				COPY_PHASE_STRIP = NO;
				DEBUG_INFORMATION_FORMAT = dwarf;
				ENABLE_STRICT_OBJC_MSGSEND = YES;
				ENABLE_TESTABILITY = YES;
				GCC_C_LANGUAGE_STANDARD = gnu11;
				GCC_DYNAMIC_NO_PIC = NO;
				GCC_NO_COMMON_BLOCKS = YES;
				GCC_OPTIMIZATION_LEVEL = 0;
				GCC_PREPROCESSOR_DEFINITIONS = (
					"DEBUG=1",
					"$(inherited)",
				);
				GCC_WARN_64_TO_32_BIT_CONVERSION = YES;
				GCC_WARN_ABOUT_RETURN_TYPE = YES_ERROR;
				GCC_WARN_UNDECLARED_SELECTOR = YES;
				GCC_WARN_UNINITIALIZED_AUTOS = YES_AGGRESSIVE;
				GCC_WARN_UNUSED_FUNCTION = YES;
				GCC_WARN_UNUSED_VARIABLE = YES;
				IPHONEOS_DEPLOYMENT_TARGET = 15.2;
				MTL_ENABLE_DEBUG_INFO = INCLUDE_SOURCE;
				MTL_FAST_MATH = YES;
				ONLY_ACTIVE_ARCH = YES;
				SDKROOT = iphoneos;
				SWIFT_ACTIVE_COMPILATION_CONDITIONS = DEBUG;
				SWIFT_OPTIMIZATION_LEVEL = "-Onone";
			};
			name = Debug;
		};
		2EE2491F2800ABA200B5F7DA /* Release */ = {
			isa = XCBuildConfiguration;
			buildSettings = {
				ALWAYS_SEARCH_USER_PATHS = NO;
				CLANG_ANALYZER_NONNULL = YES;
				CLANG_ANALYZER_NUMBER_OBJECT_CONVERSION = YES_AGGRESSIVE;
				CLANG_CXX_LANGUAGE_STANDARD = "gnu++17";
				CLANG_CXX_LIBRARY = "libc++";
				CLANG_ENABLE_MODULES = YES;
				CLANG_ENABLE_OBJC_ARC = YES;
				CLANG_ENABLE_OBJC_WEAK = YES;
				CLANG_WARN_BLOCK_CAPTURE_AUTORELEASING = YES;
				CLANG_WARN_BOOL_CONVERSION = YES;
				CLANG_WARN_COMMA = YES;
				CLANG_WARN_CONSTANT_CONVERSION = YES;
				CLANG_WARN_DEPRECATED_OBJC_IMPLEMENTATIONS = YES;
				CLANG_WARN_DIRECT_OBJC_ISA_USAGE = YES_ERROR;
				CLANG_WARN_DOCUMENTATION_COMMENTS = YES;
				CLANG_WARN_EMPTY_BODY = YES;
				CLANG_WARN_ENUM_CONVERSION = YES;
				CLANG_WARN_INFINITE_RECURSION = YES;
				CLANG_WARN_INT_CONVERSION = YES;
				CLANG_WARN_NON_LITERAL_NULL_CONVERSION = YES;
				CLANG_WARN_OBJC_IMPLICIT_RETAIN_SELF = YES;
				CLANG_WARN_OBJC_LITERAL_CONVERSION = YES;
				CLANG_WARN_OBJC_ROOT_CLASS = YES_ERROR;
				CLANG_WARN_QUOTED_INCLUDE_IN_FRAMEWORK_HEADER = YES;
				CLANG_WARN_RANGE_LOOP_ANALYSIS = YES;
				CLANG_WARN_STRICT_PROTOTYPES = YES;
				CLANG_WARN_SUSPICIOUS_MOVE = YES;
				CLANG_WARN_UNGUARDED_AVAILABILITY = YES_AGGRESSIVE;
				CLANG_WARN_UNREACHABLE_CODE = YES;
				CLANG_WARN__DUPLICATE_METHOD_MATCH = YES;
				COPY_PHASE_STRIP = NO;
				DEBUG_INFORMATION_FORMAT = "dwarf-with-dsym";
				ENABLE_NS_ASSERTIONS = NO;
				ENABLE_STRICT_OBJC_MSGSEND = YES;
				GCC_C_LANGUAGE_STANDARD = gnu11;
				GCC_NO_COMMON_BLOCKS = YES;
				GCC_WARN_64_TO_32_BIT_CONVERSION = YES;
				GCC_WARN_ABOUT_RETURN_TYPE = YES_ERROR;
				GCC_WARN_UNDECLARED_SELECTOR = YES;
				GCC_WARN_UNINITIALIZED_AUTOS = YES_AGGRESSIVE;
				GCC_WARN_UNUSED_FUNCTION = YES;
				GCC_WARN_UNUSED_VARIABLE = YES;
				IPHONEOS_DEPLOYMENT_TARGET = 15.2;
				MTL_ENABLE_DEBUG_INFO = NO;
				MTL_FAST_MATH = YES;
				SDKROOT = iphoneos;
				SWIFT_COMPILATION_MODE = wholemodule;
				SWIFT_OPTIMIZATION_LEVEL = "-O";
				VALIDATE_PRODUCT = YES;
			};
			name = Release;
		};
		2EE249212800ABA200B5F7DA /* Debug */ = {
			isa = XCBuildConfiguration;
			buildSettings = {
				ASSETCATALOG_COMPILER_APPICON_NAME = AppIcon;
				ASSETCATALOG_COMPILER_GLOBAL_ACCENT_COLOR_NAME = AccentColor;
				CODE_SIGN_STYLE = Automatic;
				CURRENT_PROJECT_VERSION = 1;
				DEVELOPMENT_TEAM = JU3GGL4Z49;
				GENERATE_INFOPLIST_FILE = YES;
				INFOPLIST_FILE = Girly/Info.plist;
				INFOPLIST_KEY_NSLocationAlwaysAndWhenInUseUsageDescription = "Girly needs to access the device location to display the local weather";
				INFOPLIST_KEY_NSLocationWhenInUseUsageDescription = "Girly needs to access the device location to display the local weather";
				INFOPLIST_KEY_UIApplicationSupportsIndirectInputEvents = YES;
				INFOPLIST_KEY_UILaunchStoryboardName = LaunchScreen;
				INFOPLIST_KEY_UIMainStoryboardFile = Main;
				INFOPLIST_KEY_UISupportedInterfaceOrientations_iPad = "UIInterfaceOrientationPortrait UIInterfaceOrientationPortraitUpsideDown UIInterfaceOrientationLandscapeLeft UIInterfaceOrientationLandscapeRight";
				INFOPLIST_KEY_UISupportedInterfaceOrientations_iPhone = "UIInterfaceOrientationPortrait UIInterfaceOrientationLandscapeLeft UIInterfaceOrientationLandscapeRight";
				LD_RUNPATH_SEARCH_PATHS = (
					"$(inherited)",
					"@executable_path/Frameworks",
				);
				MARKETING_VERSION = 1.0;
				PRODUCT_BUNDLE_IDENTIFIER = Bridget;
				PRODUCT_NAME = "$(TARGET_NAME)";
				SWIFT_EMIT_LOC_STRINGS = YES;
				SWIFT_VERSION = 5.0;
				TARGETED_DEVICE_FAMILY = "1,2";
			};
			name = Debug;
		};
		2EE249222800ABA200B5F7DA /* Release */ = {
			isa = XCBuildConfiguration;
			buildSettings = {
				ASSETCATALOG_COMPILER_APPICON_NAME = AppIcon;
				ASSETCATALOG_COMPILER_GLOBAL_ACCENT_COLOR_NAME = AccentColor;
				CODE_SIGN_STYLE = Automatic;
				CURRENT_PROJECT_VERSION = 1;
				DEVELOPMENT_TEAM = JU3GGL4Z49;
				GENERATE_INFOPLIST_FILE = YES;
				INFOPLIST_FILE = Girly/Info.plist;
				INFOPLIST_KEY_NSLocationAlwaysAndWhenInUseUsageDescription = "Girly needs to access the device location to display the local weather";
				INFOPLIST_KEY_NSLocationWhenInUseUsageDescription = "Girly needs to access the device location to display the local weather";
				INFOPLIST_KEY_UIApplicationSupportsIndirectInputEvents = YES;
				INFOPLIST_KEY_UILaunchStoryboardName = LaunchScreen;
				INFOPLIST_KEY_UIMainStoryboardFile = Main;
				INFOPLIST_KEY_UISupportedInterfaceOrientations_iPad = "UIInterfaceOrientationPortrait UIInterfaceOrientationPortraitUpsideDown UIInterfaceOrientationLandscapeLeft UIInterfaceOrientationLandscapeRight";
				INFOPLIST_KEY_UISupportedInterfaceOrientations_iPhone = "UIInterfaceOrientationPortrait UIInterfaceOrientationLandscapeLeft UIInterfaceOrientationLandscapeRight";
				LD_RUNPATH_SEARCH_PATHS = (
					"$(inherited)",
					"@executable_path/Frameworks",
				);
				MARKETING_VERSION = 1.0;
				PRODUCT_BUNDLE_IDENTIFIER = Bridget;
				PRODUCT_NAME = "$(TARGET_NAME)";
				SWIFT_EMIT_LOC_STRINGS = YES;
				SWIFT_VERSION = 5.0;
				TARGETED_DEVICE_FAMILY = "1,2";
			};
			name = Release;
		};
/* End XCBuildConfiguration section */

/* Begin XCConfigurationList section */
		2EE249072800AB9E00B5F7DA /* Build configuration list for PBXProject "Girly" */ = {
			isa = XCConfigurationList;
			buildConfigurations = (
				2EE2491E2800ABA200B5F7DA /* Debug */,
				2EE2491F2800ABA200B5F7DA /* Release */,
			);
			defaultConfigurationIsVisible = 0;
			defaultConfigurationName = Release;
		};
		2EE249202800ABA200B5F7DA /* Build configuration list for PBXNativeTarget "Girly" */ = {
			isa = XCConfigurationList;
			buildConfigurations = (
				2EE249212800ABA200B5F7DA /* Debug */,
				2EE249222800ABA200B5F7DA /* Release */,
			);
			defaultConfigurationIsVisible = 0;
			defaultConfigurationName = Release;
		};
/* End XCConfigurationList section */
	};
	rootObject = 2EE249042800AB9E00B5F7DA /* Project object */;
}
